Microsoft Visual Studio Solution File, Format Version 9.00
# Visual Studio 2005
Project("{8BC9CEB8-8B4A-11D0-8D11-00A0C91BC942}") = "lib_json", "..\..\src\lib_json\lib_json.vcproj", "{B84F7231-16CE-41D8-8C08-7B523FF4225B}"
EndProject
Project("{8BC9CEB8-8B4A-11D0-8D11-00A0C91BC942}") = "jsontest", "..\..\src\jsontestrunner\jsontest.vcproj", "{25AF2DD2-D396-4668-B188-488C33B8E620}"
	ProjectSection(ProjectDependencies) = postProject
		{B84F7231-16CE-41D8-8C08-7B523FF4225B} = {B84F7231-16CE-41D8-8C08-7B523FF4225B}
	EndProjectSection
EndProject
Project("{8BC9CEB8-8B4A-11D0-8D11-00A0C91BC942}") = "lib_json_mobile", "..\..\src\lib_json\lib_json_mobile.vcproj", "{BB95E7F2-0F69-47FB-8664-15D0A4D7599D}"
EndProject
Global
	GlobalSection(SolutionConfigurationPlatforms) = preSolution
		Debug|Mixed Platforms = Debug|Mixed Platforms
		Debug|Win32 = Debug|Win32
		Debug|Windows Mobile 6 Professional SDK (ARMV4I) = Debug|Windows Mobile 6 Professional SDK (ARMV4I)
		dummy|Mixed Platforms = dummy|Mixed Platforms
		dummy|Win32 = dummy|Win32
		dummy|Windows Mobile 6 Professional SDK (ARMV4I) = dummy|Windows Mobile 6 Professional SDK (ARMV4I)
		Release|Mixed Platforms = Release|Mixed Platforms
		Release|Win32 = Release|Win32
		Release|Windows Mobile 6 Professional SDK (ARMV4I) = Release|Windows Mobile 6 Professional SDK (ARMV4I)
	EndGlobalSection
	GlobalSection(ProjectConfigurationPlatforms) = postSolution
		{B84F7231-16CE-41D8-8C08-7B523FF4225B}.Debug|Mixed Platforms.ActiveCfg = Debug|Win32
		{B84F7231-16CE-41D8-8C08-7B523FF4225B}.Debug|Mixed Platforms.Build.0 = Debug|Win32
		{B84F7231-16CE-41D8-8C08-7B523FF4225B}.Debug|Win32.ActiveCfg = Debug|Win32
		{B84F7231-16CE-41D8-8C08-7B523FF4225B}.Debug|Win32.Build.0 = Debug|Win32
		{B84F7231-16CE-41D8-8C08-7B523FF4225B}.Debug|Windows Mobile 6 Professional SDK (ARMV4I).ActiveCfg = Debug|Win32
		{B84F7231-16CE-41D8-8C08-7B523FF4225B}.dummy|Mixed Platforms.ActiveCfg = dummy|Win32
		{B84F7231-16CE-41D8-8C08-7B523FF4225B}.dummy|Mixed Platforms.Build.0 = dummy|Win32
		{B84F7231-16CE-41D8-8C08-7B523FF4225B}.dummy|Win32.ActiveCfg = dummy|Win32
		{B84F7231-16CE-41D8-8C08-7B523FF4225B}.dummy|Win32.Build.0 = dummy|Win32
		{B84F7231-16CE-41D8-8C08-7B523FF4225B}.dummy|Windows Mobile 6 Professional SDK (ARMV4I).ActiveCfg = dummy|Win32
		{B84F7231-16CE-41D8-8C08-7B523FF4225B}.Release|Mixed Platforms.ActiveCfg = Release|Win32
		{B84F7231-16CE-41D8-8C08-7B523FF4225B}.Release|Mixed Platforms.Build.0 = Release|Win32
		{B84F7231-16CE-41D8-8C08-7B523FF4225B}.Release|Win32.ActiveCfg = Release|Win32
		{B84F7231-16CE-41D8-8C08-7B523FF4225B}.Release|Win32.Build.0 = Release|Win32
		{B84F7231-16CE-41D8-8C08-7B523FF4225B}.Release|Windows Mobile 6 Professional SDK (ARMV4I).ActiveCfg = Release|Win32
		{25AF2DD2-D396-4668-B188-488C33B8E620}.Debug|Mixed Platforms.ActiveCfg = Debug|Win32
		{25AF2DD2-D396-4668-B188-488C33B8E620}.Debug|Mixed Platforms.Build.0 = Debug|Win32
		{25AF2DD2-D396-4668-B188-488C33B8E620}.Debug|Win32.ActiveCfg = Debug|Win32
		{25AF2DD2-D396-4668-B188-488C33B8E620}.Debug|Win32.Build.0 = Debug|Win32
		{25AF2DD2-D396-4668-B188-488C33B8E620}.Debug|Windows Mobile 6 Professional SDK (ARMV4I).ActiveCfg = Debug|Win32
		{25AF2DD2-D396-4668-B188-488C33B8E620}.dummy|Mixed Platforms.ActiveCfg = Debug|Win32
		{25AF2DD2-D396-4668-B188-488C33B8E620}.dummy|Mixed Platforms.Build.0 = Debug|Win32
		{25AF2DD2-D396-4668-B188-488C33B8E620}.dummy|Win32.ActiveCfg = Debug|Win32
		{25AF2DD2-D396-4668-B188-488C33B8E620}.dummy|Win32.Build.0 = Debug|Win32
		{25AF2DD2-D396-4668-B188-488C33B8E620}.dummy|Windows Mobile 6 Professional SDK (ARMV4I).ActiveCfg = Debug|Win32
		{25AF2DD2-D396-4668-B188-488C33B8E620}.Release|Mixed Platforms.ActiveCfg = Release|Win32
		{25AF2DD2-D396-4668-B188-488C33B8E620}.Release|Mixed Platforms.Build.0 = Release|Win32
		{25AF2DD2-D396-4668-B188-488C33B8E620}.Release|Win32.ActiveCfg = Release|Win32
		{25AF2DD2-D396-4668-B188-488C33B8E620}.Release|Win32.Build.0 = Release|Win32
		{25AF2DD2-D396-4668-B188-488C33B8E620}.Release|Windows Mobile 6 Professional SDK (ARMV4I).ActiveCfg = Release|Win32
		{BB95E7F2-0F69-47FB-8664-15D0A4D7599D}.Debug|Mixed Platforms.ActiveCfg = Debug|Windows Mobile 6 Professional SDK (ARMV4I)
		{BB95E7F2-0F69-47FB-8664-15D0A4D7599D}.Debug|Mixed Platforms.Build.0 = Debug|Windows Mobile 6 Professional SDK (ARMV4I)
		{BB95E7F2-0F69-47FB-8664-15D0A4D7599D}.Debug|Mixed Platforms.Deploy.0 = Debug|Windows Mobile 6 Professional SDK (ARMV4I)
		{BB95E7F2-0F69-47FB-8664-15D0A4D7599D}.Debug|Win32.ActiveCfg = Debug|Windows Mobile 6 Professional SDK (ARMV4I)
		{BB95E7F2-0F69-47FB-8664-15D0A4D7599D}.Debug|Windows Mobile 6 Professional SDK (ARMV4I).ActiveCfg = Debug|Windows Mobile 6 Professional SDK (ARMV4I)
		{BB95E7F2-0F69-47FB-8664-15D0A4D7599D}.Debug|Windows Mobile 6 Professional SDK (ARMV4I).Build.0 = Debug|Windows Mobile 6 Professional SDK (ARMV4I)
		{BB95E7F2-0F69-47FB-8664-15D0A4D7599D}.Debug|Windows Mobile 6 Professional SDK (ARMV4I).Deploy.0 = Debug|Windows Mobile 6 Professional SDK (ARMV4I)
		{BB95E7F2-0F69-47FB-8664-15D0A4D7599D}.dummy|Mixed Platforms.ActiveCfg = Debug|Windows Mobile 6 Professional SDK (ARMV4I)
		{BB95E7F2-0F69-47FB-8664-15D0A4D7599D}.dummy|Mixed Platforms.Build.0 = Debug|Windows Mobile 6 Professional SDK (ARMV4I)
		{BB95E7F2-0F69-47FB-8664-15D0A4D7599D}.dummy|Mixed Platforms.Deploy.0 = Debug|Windows Mobile 6 Professional SDK (ARMV4I)
		{BB95E7F2-0F69-47FB-8664-15D0A4D7599D}.dummy|Win32.ActiveCfg = Debug|Windows Mobile 6 Professional SDK (ARMV4I)
		{BB95E7F2-0F69-47FB-8664-15D0A4D7599D}.dummy|Windows Mobile 6 Professional SDK (ARMV4I).ActiveCfg = Debug|Windows Mobile 6 Professional SDK (ARMV4I)
		{BB95E7F2-0F69-47FB-8664-15D0A4D7599D}.dummy|Windows Mobile 6 Professional SDK (ARMV4I).Build.0 = Debug|Windows Mobile 6 Professional SDK (ARMV4I)
		{BB95E7F2-0F69-47FB-8664-15D0A4D7599D}.dummy|Windows Mobile 6 Professional SDK (ARMV4I).Deploy.0 = Debug|Windows Mobile 6 Professional SDK (ARMV4I)
		{BB95E7F2-0F69-47FB-8664-15D0A4D7599D}.Release|Mixed Platforms.ActiveCfg = Release|Windows Mobile 6 Professional SDK (ARMV4I)
		{BB95E7F2-0F69-47FB-8664-15D0A4D7599D}.Release|Mixed Platforms.Build.0 = Release|Windows Mobile 6 Professional SDK (ARMV4I)
		{BB95E7F2-0F69-47FB-8664-15D0A4D7599D}.Release|Mixed Platforms.Deploy.0 = Release|Windows Mobile 6 Professional SDK (ARMV4I)
		{BB95E7F2-0F69-47FB-8664-15D0A4D7599D}.Release|Win32.ActiveCfg = Release|Windows Mobile 6 Professional SDK (ARMV4I)
		{BB95E7F2-0F69-47FB-8664-15D0A4D7599D}.Release|Windows Mobile 6 Professional SDK (ARMV4I).ActiveCfg = Release|Windows Mobile 6 Professional SDK (ARMV4I)
		{BB95E7F2-0F69-47FB-8664-15D0A4D7599D}.Release|Windows Mobile 6 Professional SDK (ARMV4I).Build.0 = Release|Windows Mobile 6 Professional SDK (ARMV4I)
		{BB95E7F2-0F69-47FB-8664-15D0A4D7599D}.Release|Windows Mobile 6 Professional SDK (ARMV4I).Deploy.0 = Release|Windows Mobile 6 Professional SDK (ARMV4I)
	EndGlobalSection
	GlobalSection(SolutionProperties) = preSolution
		HideSolutionNode = FALSE
	EndGlobalSection
EndGlobal
