
Microsoft Visual Studio Solution File, Format Version 9.00
# Visual Studio 2005
Project("{FAE04EC0-301F-11D3-BF4B-00C04F79EFBC}") = "Resco.AdvancedTree.CF2", "Resco.AdvancedTree.CF2\Resco.AdvancedTree.CF2.csproj", "{843BB111-9914-4465-BC57-ADF3928D686B}"
EndProject
Global
	GlobalSection(SolutionConfigurationPlatforms) = preSolution
		Debug|Any CPU = Debug|Any CPU
		Release|Any CPU = Release|Any CPU
	EndGlobalSection
	GlobalSection(ProjectConfigurationPlatforms) = postSolution
		{843BB111-9914-4465-BC57-ADF3928D686B}.Debug|Any CPU.ActiveCfg = Debug|Any CPU
		{843BB111-9914-4465-BC57-ADF3928D686B}.Debug|Any CPU.Build.0 = Debug|Any CPU
		{843BB111-9914-4465-BC57-ADF3928D686B}.Release|Any CPU.ActiveCfg = Release|Any CPU
		{843BB111-9914-4465-BC57-ADF3928D686B}.Release|Any CPU.Build.0 = Release|Any CPU
	EndGlobalSection
	GlobalSection(SolutionProperties) = preSolution
		HideSolutionNode = FALSE
	EndGlobalSection
EndGlobal
