Microsoft Visual Studio Solution File, Format Version 9.00
Global
	GlobalSection(SolutionConfiguration) = preSolution
		ConfigName.0 = Debug|Windows Mobile 6 Professional SDK (ARMV4I)
		ConfigName.1 = Release|Windows Mobile 6 Professional SDK (ARMV4I)
	EndGlobalSection
	GlobalSection(ProjectDependencies) = postSolution
	EndGlobalSection
	GlobalSection(ProjectConfiguration) = postSolution
	EndGlobalSection
	GlobalSection(ExtensibilityGlobals) = postSolution
	EndGlobalSection
	GlobalSection(ExtensibilityAddIns) = postSolution
	EndGlobalSection
EndGlobal