
Microsoft Visual Studio Solution File, Format Version 10.00
# Visual Studio 2008
Project("{FAE04EC0-301F-11D3-BF4B-00C04F79EFBC}") = "BeefWrapTest", "BeefWrapTest\BeefWrapTest.csproj", "{7918ADAC-84EB-49B1-A69F-4CF609CFC233}"
EndProject
Project("{FAE04EC0-301F-11D3-BF4B-00C04F79EFBC}") = "BeefWrapNet", "BeefWrapNet\BeefWrapNet.csproj", "{9763C581-595B-4A09-AEC5-A6C0F26D54E7}"
EndProject
Global
	GlobalSection(SolutionConfigurationPlatforms) = preSolution
		Debug|Any CPU = Debug|Any CPU
		Debug|Mixed Platforms = Debug|Mixed Platforms
		Debug|Windows Mobile 6 Professional SDK (ARMV4I) = Debug|Windows Mobile 6 Professional SDK (ARMV4I)
		Release|Any CPU = Release|Any CPU
		Release|Mixed Platforms = Release|Mixed Platforms
		Release|Windows Mobile 6 Professional SDK (ARMV4I) = Release|Windows Mobile 6 Professional SDK (ARMV4I)
	EndGlobalSection
	GlobalSection(ProjectConfigurationPlatforms) = postSolution
		{7918ADAC-84EB-49B1-A69F-4CF609CFC233}.Debug|Any CPU.ActiveCfg = Debug|Any CPU
		{7918ADAC-84EB-49B1-A69F-4CF609CFC233}.Debug|Any CPU.Build.0 = Debug|Any CPU
		{7918ADAC-84EB-49B1-A69F-4CF609CFC233}.Debug|Any CPU.Deploy.0 = Debug|Any CPU
		{7918ADAC-84EB-49B1-A69F-4CF609CFC233}.Debug|Mixed Platforms.ActiveCfg = Debug|Any CPU
		{7918ADAC-84EB-49B1-A69F-4CF609CFC233}.Debug|Mixed Platforms.Build.0 = Debug|Any CPU
		{7918ADAC-84EB-49B1-A69F-4CF609CFC233}.Debug|Mixed Platforms.Deploy.0 = Debug|Any CPU
		{7918ADAC-84EB-49B1-A69F-4CF609CFC233}.Debug|Windows Mobile 6 Professional SDK (ARMV4I).ActiveCfg = Debug|Any CPU
		{7918ADAC-84EB-49B1-A69F-4CF609CFC233}.Release|Any CPU.ActiveCfg = Release|Any CPU
		{7918ADAC-84EB-49B1-A69F-4CF609CFC233}.Release|Any CPU.Build.0 = Release|Any CPU
		{7918ADAC-84EB-49B1-A69F-4CF609CFC233}.Release|Any CPU.Deploy.0 = Release|Any CPU
		{7918ADAC-84EB-49B1-A69F-4CF609CFC233}.Release|Mixed Platforms.ActiveCfg = Release|Any CPU
		{7918ADAC-84EB-49B1-A69F-4CF609CFC233}.Release|Mixed Platforms.Build.0 = Release|Any CPU
		{7918ADAC-84EB-49B1-A69F-4CF609CFC233}.Release|Mixed Platforms.Deploy.0 = Release|Any CPU
		{7918ADAC-84EB-49B1-A69F-4CF609CFC233}.Release|Windows Mobile 6 Professional SDK (ARMV4I).ActiveCfg = Release|Any CPU
		{9763C581-595B-4A09-AEC5-A6C0F26D54E7}.Debug|Any CPU.ActiveCfg = Debug|Any CPU
		{9763C581-595B-4A09-AEC5-A6C0F26D54E7}.Debug|Any CPU.Build.0 = Debug|Any CPU
		{9763C581-595B-4A09-AEC5-A6C0F26D54E7}.Debug|Any CPU.Deploy.0 = Debug|Any CPU
		{9763C581-595B-4A09-AEC5-A6C0F26D54E7}.Debug|Mixed Platforms.ActiveCfg = Debug|Any CPU
		{9763C581-595B-4A09-AEC5-A6C0F26D54E7}.Debug|Mixed Platforms.Build.0 = Debug|Any CPU
		{9763C581-595B-4A09-AEC5-A6C0F26D54E7}.Debug|Windows Mobile 6 Professional SDK (ARMV4I).ActiveCfg = Debug|Any CPU
		{9763C581-595B-4A09-AEC5-A6C0F26D54E7}.Release|Any CPU.ActiveCfg = Release|Any CPU
		{9763C581-595B-4A09-AEC5-A6C0F26D54E7}.Release|Any CPU.Build.0 = Release|Any CPU
		{9763C581-595B-4A09-AEC5-A6C0F26D54E7}.Release|Any CPU.Deploy.0 = Release|Any CPU
		{9763C581-595B-4A09-AEC5-A6C0F26D54E7}.Release|Mixed Platforms.ActiveCfg = Release|Any CPU
		{9763C581-595B-4A09-AEC5-A6C0F26D54E7}.Release|Mixed Platforms.Build.0 = Release|Any CPU
		{9763C581-595B-4A09-AEC5-A6C0F26D54E7}.Release|Windows Mobile 6 Professional SDK (ARMV4I).ActiveCfg = Release|Any CPU
	EndGlobalSection
	GlobalSection(SolutionProperties) = preSolution
		HideSolutionNode = FALSE
	EndGlobalSection
EndGlobal
