
Microsoft Visual Studio Solution File, Format Version 9.00
# Visual Studio 2005
Project("{8BC9CEB8-8B4A-11D0-8D11-00A0C91BC942}") = "BelugaDb", "BelugaDb\BelugaDb.vcproj", "{8C1FB007-7981-45EC-9AD9-53D0D0C72C91}"
EndProject
Global
	GlobalSection(SolutionConfigurationPlatforms) = preSolution
		Debug|Win32 = Debug|Win32
		Debug|Windows Mobile 6 Professional SDK (ARMV4I) = Debug|Windows Mobile 6 Professional SDK (ARMV4I)
		Release|Win32 = Release|Win32
		Release|Windows Mobile 6 Professional SDK (ARMV4I) = Release|Windows Mobile 6 Professional SDK (ARMV4I)
	EndGlobalSection
	GlobalSection(ProjectConfigurationPlatforms) = postSolution
		{8C1FB007-7981-45EC-9AD9-53D0D0C72C91}.Debug|Win32.ActiveCfg = Debug|Win32
		{8C1FB007-7981-45EC-9AD9-53D0D0C72C91}.Debug|Win32.Build.0 = Debug|Win32
		{8C1FB007-7981-45EC-9AD9-53D0D0C72C91}.Debug|Windows Mobile 6 Professional SDK (ARMV4I).ActiveCfg = Debug|Windows Mobile 6 Professional SDK (ARMV4I)
		{8C1FB007-7981-45EC-9AD9-53D0D0C72C91}.Debug|Windows Mobile 6 Professional SDK (ARMV4I).Build.0 = Debug|Windows Mobile 6 Professional SDK (ARMV4I)
		{8C1FB007-7981-45EC-9AD9-53D0D0C72C91}.Debug|Windows Mobile 6 Professional SDK (ARMV4I).Deploy.0 = Debug|Windows Mobile 6 Professional SDK (ARMV4I)
		{8C1FB007-7981-45EC-9AD9-53D0D0C72C91}.Release|Win32.ActiveCfg = Release|Win32
		{8C1FB007-7981-45EC-9AD9-53D0D0C72C91}.Release|Win32.Build.0 = Release|Win32
		{8C1FB007-7981-45EC-9AD9-53D0D0C72C91}.Release|Windows Mobile 6 Professional SDK (ARMV4I).ActiveCfg = Release|Windows Mobile 6 Professional SDK (ARMV4I)
		{8C1FB007-7981-45EC-9AD9-53D0D0C72C91}.Release|Windows Mobile 6 Professional SDK (ARMV4I).Build.0 = Release|Windows Mobile 6 Professional SDK (ARMV4I)
		{8C1FB007-7981-45EC-9AD9-53D0D0C72C91}.Release|Windows Mobile 6 Professional SDK (ARMV4I).Deploy.0 = Release|Windows Mobile 6 Professional SDK (ARMV4I)
	EndGlobalSection
	GlobalSection(SolutionProperties) = preSolution
		HideSolutionNode = FALSE
	EndGlobalSection
EndGlobal
